
Microsoft Visual Studio Solution File, Format Version 12.00
# Visual Studio 14
VisualStudioVersion = 14.0.25123.0
MinimumVisualStudioVersion = 10.0.40219.1
Project("{FAE04EC0-301F-11D3-BF4B-00C04F79EFBC}") = "CodeBusters", "CodeBusters\CodeBusters.csproj", "{59B2DF58-2828-48A6-A16C-F2571C62186D}"
EndProject
Project("{FAE04EC0-301F-11D3-BF4B-00C04F79EFBC}") = "CodeBusters.Tests", "CodeBusters.Tests\CodeBusters.Tests.csproj", "{5861B9AA-3EE3-4BDD-A375-097CDABC366F}"
EndProject
Global
	GlobalSection(SolutionConfigurationPlatforms) = preSolution
		Debug|Any CPU = Debug|Any CPU
		Release|Any CPU = Release|Any CPU
	EndGlobalSection
	GlobalSection(ProjectConfigurationPlatforms) = postSolution
		{59B2DF58-2828-48A6-A16C-F2571C62186D}.Debug|Any CPU.ActiveCfg = Debug|Any CPU
		{59B2DF58-2828-48A6-A16C-F2571C62186D}.Debug|Any CPU.Build.0 = Debug|Any CPU
		{59B2DF58-2828-48A6-A16C-F2571C62186D}.Release|Any CPU.ActiveCfg = Release|Any CPU
		{59B2DF58-2828-48A6-A16C-F2571C62186D}.Release|Any CPU.Build.0 = Release|Any CPU
		{5861B9AA-3EE3-4BDD-A375-097CDABC366F}.Debug|Any CPU.ActiveCfg = Debug|Any CPU
		{5861B9AA-3EE3-4BDD-A375-097CDABC366F}.Debug|Any CPU.Build.0 = Debug|Any CPU
		{5861B9AA-3EE3-4BDD-A375-097CDABC366F}.Release|Any CPU.ActiveCfg = Release|Any CPU
		{5861B9AA-3EE3-4BDD-A375-097CDABC366F}.Release|Any CPU.Build.0 = Release|Any CPU
	EndGlobalSection
	GlobalSection(SolutionProperties) = preSolution
		HideSolutionNode = FALSE
	EndGlobalSection
EndGlobal
